dependencies:
- name: postgres
  repository: https://vyrtualsynthese.github.io/selfhosted-helmcharts/
  version: 0.1.3
- name: firefly-iii
  repository: https://firefly-iii.github.io/kubernetes/
  version: 1.8.1
- name: importer
  repository: https://firefly-iii.github.io/kubernetes/
  version: 1.6.0
digest: sha256:e9468239ecc55b1be4443a6761ee21d43e33325e4c53a66bb3d9600e77153bd4
generated: "2026-06-01T01:17:56.072991999Z"
