dependencies:
- name: postgres
  repository: https://vyrtualsynthese.github.io/selfhosted-helmcharts/
  version: 0.1.3
- name: firefly-iii
  repository: https://firefly-iii.github.io/kubernetes/
  version: 1.7.2
- name: importer
  repository: https://firefly-iii.github.io/kubernetes/
  version: 1.3.1
digest: sha256:25fafd59cdae3052089ed60f4dd18d554df89449a98b6449241656f3769e2a07
generated: "2024-04-05T08:14:12.170277442Z"
